# This file is automatically @generated by Cargo.
# It is not intended for manual editing.
version = 4

[[package]]
name = "alife_bevy_adapter"
version = "0.1.0"

[[package]]
name = "alife_core"
version = "0.1.0"

[[package]]
name = "alife_gpu_backend"
version = "0.1.0"

[[package]]
name = "alife_school"
version = "0.1.0"

[[package]]
name = "alife_semantic"
version = "0.1.0"

[[package]]
name = "alife_tools"
version = "0.1.0"

[[package]]
name = "alife_world"
version = "0.1.0"
